// !$*UTF8*$!
{
	archiveVersion = 1;
	classes = {
	};
	objectVersion = 55;
	objects = {

/* Begin PBXBuildFile section */
		340018A4272639DC00420C9B /* Theaterfy_iOSApp.swift in Sources */ = {isa = PBXBuildFile; fileRef = 340018A3272639DC00420C9B /* Theaterfy_iOSApp.swift */; };
		340018A8272639DE00420C9B /* Assets.xcassets in Resources */ = {isa = PBXBuildFile; fileRef = 340018A7272639DE00420C9B /* Assets.xcassets */; };
		340018AB272639DE00420C9B /* Preview Assets.xcassets in Resources */ = {isa = PBXBuildFile; fileRef = 340018AA272639DE00420C9B /* Preview Assets.xcassets */; };
		340018AD272639DE00420C9B /* Persistence.swift in Sources */ = {isa = PBXBuildFile; fileRef = 340018AC272639DE00420C9B /* Persistence.swift */; };
		340018B0272639DE00420C9B /* Theaterfy_iOS.xcdatamodeld in Sources */ = {isa = PBXBuildFile; fileRef = 340018AE272639DE00420C9B /* Theaterfy_iOS.xcdatamodeld */; };
		340018BA272639DE00420C9B /* Theaterfy_iOSTests.swift in Sources */ = {isa = PBXBuildFile; fileRef = 340018B9272639DE00420C9B /* Theaterfy_iOSTests.swift */; };
		340018C4272639DE00420C9B /* Theaterfy_iOSUITests.swift in Sources */ = {isa = PBXBuildFile; fileRef = 340018C3272639DE00420C9B /* Theaterfy_iOSUITests.swift */; };
		340018C6272639DE00420C9B /* Theaterfy_iOSUITestsLaunchTests.swift in Sources */ = {isa = PBXBuildFile; fileRef = 340018C5272639DE00420C9B /* Theaterfy_iOSUITestsLaunchTests.swift */; };
		34079DAA2728A8FE008B0C68 /* Server.swift in Sources */ = {isa = PBXBuildFile; fileRef = 34079DA92728A8FE008B0C68 /* Server.swift */; };
		34079DAD2728A934008B0C68 /* Alamofire in Frameworks */ = {isa = PBXBuildFile; productRef = 34079DAC2728A934008B0C68 /* Alamofire */; };
		34079DAF2728AB4B008B0C68 /* UseCase.swift in Sources */ = {isa = PBXBuildFile; fileRef = 34079DAE2728AB4B008B0C68 /* UseCase.swift */; };
		34079DB12728ABF3008B0C68 /* Model.swift in Sources */ = {isa = PBXBuildFile; fileRef = 34079DB02728ABF3008B0C68 /* Model.swift */; };
		34079DB32728AC8D008B0C68 /* Movie.swift in Sources */ = {isa = PBXBuildFile; fileRef = 34079DB22728AC8D008B0C68 /* Movie.swift */; };
		34079DB52728ACF3008B0C68 /* GetMovies.swift in Sources */ = {isa = PBXBuildFile; fileRef = 34079DB42728ACF3008B0C68 /* GetMovies.swift */; };
		34079DB72728ADA7008B0C68 /* MoviesRepository.swift in Sources */ = {isa = PBXBuildFile; fileRef = 34079DB62728ADA7008B0C68 /* MoviesRepository.swift */; };
		34079DB92728B06D008B0C68 /* Pagination.swift in Sources */ = {isa = PBXBuildFile; fileRef = 34079DB82728B06D008B0C68 /* Pagination.swift */; };
		34079DBB2728B1C2008B0C68 /* MoviesRepositoryImpl.swift in Sources */ = {isa = PBXBuildFile; fileRef = 34079DBA2728B1C2008B0C68 /* MoviesRepositoryImpl.swift */; };
		34079DBD2728B226008B0C68 /* MoviesRemoteDataSource.swift in Sources */ = {isa = PBXBuildFile; fileRef = 34079DBC2728B226008B0C68 /* MoviesRemoteDataSource.swift */; };
		34079DBF2728BA5A008B0C68 /* MoviesPage.swift in Sources */ = {isa = PBXBuildFile; fileRef = 34079DBE2728BA5A008B0C68 /* MoviesPage.swift */; };
		34079DC12728BA6B008B0C68 /* MoviesViewModel.swift in Sources */ = {isa = PBXBuildFile; fileRef = 34079DC02728BA6B008B0C68 /* MoviesViewModel.swift */; };
		34079DC52728CC34008B0C68 /* Swinject in Frameworks */ = {isa = PBXBuildFile; productRef = 34079DC42728CC34008B0C68 /* Swinject */; };
		34079DC82728CC5A008B0C68 /* AppModules.swift in Sources */ = {isa = PBXBuildFile; fileRef = 34079DC72728CC5A008B0C68 /* AppModules.swift */; };
		342BE002272773B800C7805C /* Failure.swift in Sources */ = {isa = PBXBuildFile; fileRef = 342BE001272773B800C7805C /* Failure.swift */; };
		342BE0042727747000C7805C /* AppColors.swift in Sources */ = {isa = PBXBuildFile; fileRef = 342BE0032727747000C7805C /* AppColors.swift */; };
		342BE008272774C400C7805C /* ServerConstants.swift in Sources */ = {isa = PBXBuildFile; fileRef = 342BE007272774C400C7805C /* ServerConstants.swift */; };
		342BE0162727761B00C7805C /* MovieModel.swift in Sources */ = {isa = PBXBuildFile; fileRef = 342BE0152727761B00C7805C /* MovieModel.swift */; };
		342BE0182727762400C7805C /* PaginationModel.swift in Sources */ = {isa = PBXBuildFile; fileRef = 342BE0172727762400C7805C /* PaginationModel.swift */; };
		34FBFDB9272A11E4003E504C /* LoadingProgress.swift in Sources */ = {isa = PBXBuildFile; fileRef = 34FBFDB8272A11E4003E504C /* LoadingProgress.swift */; };
		34FBFDBB272A1211003E504C /* ErrorMessage.swift in Sources */ = {isa = PBXBuildFile; fileRef = 34FBFDBA272A1211003E504C /* ErrorMessage.swift */; };
		34FBFDBD272A1265003E504C /* MoviesGrid.swift in Sources */ = {isa = PBXBuildFile; fileRef = 34FBFDBC272A1265003E504C /* MoviesGrid.swift */; };
		34FBFDC0272A12FF003E504C /* MoviesProperties.swift in Sources */ = {isa = PBXBuildFile; fileRef = 34FBFDBF272A12FF003E504C /* MoviesProperties.swift */; };
		34FBFDC2272A1348003E504C /* RoutesLocales.swift in Sources */ = {isa = PBXBuildFile; fileRef = 34FBFDC1272A1348003E504C /* RoutesLocales.swift */; };
		34FBFDC5272A1484003E504C /* MovieItem.swift in Sources */ = {isa = PBXBuildFile; fileRef = 34FBFDC4272A1484003E504C /* MovieItem.swift */; };
		34FBFDC8272A17D7003E504C /* Kingfisher in Frameworks */ = {isa = PBXBuildFile; productRef = 34FBFDC7272A17D7003E504C /* Kingfisher */; };
		34FBFDCA272A1808003E504C /* MovieImage.swift in Sources */ = {isa = PBXBuildFile; fileRef = 34FBFDC9272A1808003E504C /* MovieImage.swift */; };
		34FBFDCC272A1BD6003E504C /* MovieItemExtras.swift in Sources */ = {isa = PBXBuildFile; fileRef = 34FBFDCB272A1BD6003E504C /* MovieItemExtras.swift */; };
		34FBFDCF272A1D14003E504C /* DateConverter.swift in Sources */ = {isa = PBXBuildFile; fileRef = 34FBFDCE272A1D14003E504C /* DateConverter.swift */; };
/* End PBXBuildFile section */

/* Begin PBXContainerItemProxy section */
		340018B6272639DE00420C9B /* PBXContainerItemProxy */ = {
			isa = PBXContainerItemProxy;
			containerPortal = 34001898272639DC00420C9B /* Project object */;
			proxyType = 1;
			remoteGlobalIDString = 3400189F272639DC00420C9B;
			remoteInfo = "Theaterfy-iOS";
		};
		340018C0272639DE00420C9B /* PBXContainerItemProxy */ = {
			isa = PBXContainerItemProxy;
			containerPortal = 34001898272639DC00420C9B /* Project object */;
			proxyType = 1;
			remoteGlobalIDString = 3400189F272639DC00420C9B;
			remoteInfo = "Theaterfy-iOS";
		};
/* End PBXContainerItemProxy section */

/* Begin PBXFileReference section */
		340018A0272639DC00420C9B /* Theaterfy-iOS.app */ = {isa = PBXFileReference; explicitFileType = wrapper.application; includeInIndex = 0; path = "Theaterfy-iOS.app"; sourceTree = BUILT_PRODUCTS_DIR; };
		340018A3272639DC00420C9B /* Theaterfy_iOSApp.swift */ = {isa = PBXFileReference; lastKnownFileType = sourcecode.swift; path = Theaterfy_iOSApp.swift; sourceTree = "<group>"; };
		340018A7272639DE00420C9B /* Assets.xcassets */ = {isa = PBXFileReference; lastKnownFileType = folder.assetcatalog; path = Assets.xcassets; sourceTree = "<group>"; };
		340018AA272639DE00420C9B /* Preview Assets.xcassets */ = {isa = PBXFileReference; lastKnownFileType = folder.assetcatalog; path = "Preview Assets.xcassets"; sourceTree = "<group>"; };
		340018AC272639DE00420C9B /* Persistence.swift */ = {isa = PBXFileReference; lastKnownFileType = sourcecode.swift; path = Persistence.swift; sourceTree = "<group>"; };
		340018AF272639DE00420C9B /* Theaterfy_iOS.xcdatamodel */ = {isa = PBXFileReference; lastKnownFileType = wrapper.xcdatamodel; path = Theaterfy_iOS.xcdatamodel; sourceTree = "<group>"; };
		340018B5272639DE00420C9B /* Theaterfy-iOSTests.xctest */ = {isa = PBXFileReference; explicitFileType = wrapper.cfbundle; includeInIndex = 0; path = "Theaterfy-iOSTests.xctest"; sourceTree = BUILT_PRODUCTS_DIR; };
		340018B9272639DE00420C9B /* Theaterfy_iOSTests.swift */ = {isa = PBXFileReference; lastKnownFileType = sourcecode.swift; path = Theaterfy_iOSTests.swift; sourceTree = "<group>"; };
		340018BF272639DE00420C9B /* Theaterfy-iOSUITests.xctest */ = {isa = PBXFileReference; explicitFileType = wrapper.cfbundle; includeInIndex = 0; path = "Theaterfy-iOSUITests.xctest"; sourceTree = BUILT_PRODUCTS_DIR; };
		340018C3272639DE00420C9B /* Theaterfy_iOSUITests.swift */ = {isa = PBXFileReference; lastKnownFileType = sourcecode.swift; path = Theaterfy_iOSUITests.swift; sourceTree = "<group>"; };
		340018C5272639DE00420C9B /* Theaterfy_iOSUITestsLaunchTests.swift */ = {isa = PBXFileReference; lastKnownFileType = sourcecode.swift; path = Theaterfy_iOSUITestsLaunchTests.swift; sourceTree = "<group>"; };
		34079DA92728A8FE008B0C68 /* Server.swift */ = {isa = PBXFileReference; lastKnownFileType = sourcecode.swift; path = Server.swift; sourceTree = "<group>"; };
		34079DAE2728AB4B008B0C68 /* UseCase.swift */ = {isa = PBXFileReference; lastKnownFileType = sourcecode.swift; path = UseCase.swift; sourceTree = "<group>"; };
		34079DB02728ABF3008B0C68 /* Model.swift */ = {isa = PBXFileReference; lastKnownFileType = sourcecode.swift; path = Model.swift; sourceTree = "<group>"; };
		34079DB22728AC8D008B0C68 /* Movie.swift */ = {isa = PBXFileReference; lastKnownFileType = sourcecode.swift; path = Movie.swift; sourceTree = "<group>"; };
		34079DB42728ACF3008B0C68 /* GetMovies.swift */ = {isa = PBXFileReference; lastKnownFileType = sourcecode.swift; path = GetMovies.swift; sourceTree = "<group>"; };
		34079DB62728ADA7008B0C68 /* MoviesRepository.swift */ = {isa = PBXFileReference; lastKnownFileType = sourcecode.swift; path = MoviesRepository.swift; sourceTree = "<group>"; };
		34079DB82728B06D008B0C68 /* Pagination.swift */ = {isa = PBXFileReference; lastKnownFileType = sourcecode.swift; path = Pagination.swift; sourceTree = "<group>"; };
		34079DBA2728B1C2008B0C68 /* MoviesRepositoryImpl.swift */ = {isa = PBXFileReference; lastKnownFileType = sourcecode.swift; path = MoviesRepositoryImpl.swift; sourceTree = "<group>"; };
		34079DBC2728B226008B0C68 /* MoviesRemoteDataSource.swift */ = {isa = PBXFileReference; lastKnownFileType = sourcecode.swift; path = MoviesRemoteDataSource.swift; sourceTree = "<group>"; };
		34079DBE2728BA5A008B0C68 /* MoviesPage.swift */ = {isa = PBXFileReference; lastKnownFileType = sourcecode.swift; path = MoviesPage.swift; sourceTree = "<group>"; };
		34079DC02728BA6B008B0C68 /* MoviesViewModel.swift */ = {isa = PBXFileReference; lastKnownFileType = sourcecode.swift; path = MoviesViewModel.swift; sourceTree = "<group>"; };
		34079DC72728CC5A008B0C68 /* AppModules.swift */ = {isa = PBXFileReference; lastKnownFileType = sourcecode.swift; path = AppModules.swift; sourceTree = "<group>"; };
		342BE001272773B800C7805C /* Failure.swift */ = {isa = PBXFileReference; lastKnownFileType = sourcecode.swift; path = Failure.swift; sourceTree = "<group>"; };
		342BE0032727747000C7805C /* AppColors.swift */ = {isa = PBXFileReference; lastKnownFileType = sourcecode.swift; path = AppColors.swift; sourceTree = "<group>"; };
		342BE007272774C400C7805C /* ServerConstants.swift */ = {isa = PBXFileReference; lastKnownFileType = sourcecode.swift; path = ServerConstants.swift; sourceTree = "<group>"; };
		342BE0152727761B00C7805C /* MovieModel.swift */ = {isa = PBXFileReference; lastKnownFileType = sourcecode.swift; path = MovieModel.swift; sourceTree = "<group>"; };
		342BE0172727762400C7805C /* PaginationModel.swift */ = {isa = PBXFileReference; lastKnownFileType = sourcecode.swift; path = PaginationModel.swift; sourceTree = "<group>"; };
		34FBFDB8272A11E4003E504C /* LoadingProgress.swift */ = {isa = PBXFileReference; lastKnownFileType = sourcecode.swift; path = LoadingProgress.swift; sourceTree = "<group>"; };
		34FBFDBA272A1211003E504C /* ErrorMessage.swift */ = {isa = PBXFileReference; lastKnownFileType = sourcecode.swift; path = ErrorMessage.swift; sourceTree = "<group>"; };
		34FBFDBC272A1265003E504C /* MoviesGrid.swift */ = {isa = PBXFileReference; lastKnownFileType = sourcecode.swift; path = MoviesGrid.swift; sourceTree = "<group>"; };
		34FBFDBF272A12FF003E504C /* MoviesProperties.swift */ = {isa = PBXFileReference; lastKnownFileType = sourcecode.swift; path = MoviesProperties.swift; sourceTree = "<group>"; };
		34FBFDC1272A1348003E504C /* RoutesLocales.swift */ = {isa = PBXFileReference; lastKnownFileType = sourcecode.swift; path = RoutesLocales.swift; sourceTree = "<group>"; };
		34FBFDC4272A1484003E504C /* MovieItem.swift */ = {isa = PBXFileReference; lastKnownFileType = sourcecode.swift; path = MovieItem.swift; sourceTree = "<group>"; };
		34FBFDC9272A1808003E504C /* MovieImage.swift */ = {isa = PBXFileReference; lastKnownFileType = sourcecode.swift; path = MovieImage.swift; sourceTree = "<group>"; };
		34FBFDCB272A1BD6003E504C /* MovieItemExtras.swift */ = {isa = PBXFileReference; lastKnownFileType = sourcecode.swift; path = MovieItemExtras.swift; sourceTree = "<group>"; };
		34FBFDCE272A1D14003E504C /* DateConverter.swift */ = {isa = PBXFileReference; lastKnownFileType = sourcecode.swift; path = DateConverter.swift; sourceTree = "<group>"; };
/* End PBXFileReference section */

/* Begin PBXFrameworksBuildPhase section */
		3400189D272639DC00420C9B /* Frameworks */ = {
			isa = PBXFrameworksBuildPhase;
			buildActionMask = 2147483647;
			files = (
				34FBFDC8272A17D7003E504C /* Kingfisher in Frameworks */,
				34079DAD2728A934008B0C68 /* Alamofire in Frameworks */,
				34079DC52728CC34008B0C68 /* Swinject in Frameworks */,
			);
			runOnlyForDeploymentPostprocessing = 0;
		};
		340018B2272639DE00420C9B /* Frameworks */ = {
			isa = PBXFrameworksBuildPhase;
			buildActionMask = 2147483647;
			files = (
			);
			runOnlyForDeploymentPostprocessing = 0;
		};
		340018BC272639DE00420C9B /* Frameworks */ = {
			isa = PBXFrameworksBuildPhase;
			buildActionMask = 2147483647;
			files = (
			);
			runOnlyForDeploymentPostprocessing = 0;
		};
/* End PBXFrameworksBuildPhase section */

/* Begin PBXGroup section */
		34001897272639DC00420C9B = {
			isa = PBXGroup;
			children = (
				340018A2272639DC00420C9B /* Theaterfy-iOS */,
				340018B8272639DE00420C9B /* Theaterfy-iOSTests */,
				340018C2272639DE00420C9B /* Theaterfy-iOSUITests */,
				340018A1272639DC00420C9B /* Products */,
			);
			sourceTree = "<group>";
		};
		340018A1272639DC00420C9B /* Products */ = {
			isa = PBXGroup;
			children = (
				340018A0272639DC00420C9B /* Theaterfy-iOS.app */,
				340018B5272639DE00420C9B /* Theaterfy-iOSTests.xctest */,
				340018BF272639DE00420C9B /* Theaterfy-iOSUITests.xctest */,
			);
			name = Products;
			sourceTree = "<group>";
		};
		340018A2272639DC00420C9B /* Theaterfy-iOS */ = {
			isa = PBXGroup;
			children = (
				34079DC62728CC45008B0C68 /* di */,
				342BDFF9272772FF00C7805C /* features */,
				342BDFF8272772F800C7805C /* core */,
				342BDFF7272772F100C7805C /* app */,
				342BDFF6272772E000C7805C /* assets */,
				340018A3272639DC00420C9B /* Theaterfy_iOSApp.swift */,
				340018A9272639DE00420C9B /* Preview Content */,
			);
			path = "Theaterfy-iOS";
			sourceTree = "<group>";
		};
		340018A9272639DE00420C9B /* Preview Content */ = {
			isa = PBXGroup;
			children = (
				340018AA272639DE00420C9B /* Preview Assets.xcassets */,
			);
			path = "Preview Content";
			sourceTree = "<group>";
		};
		340018B8272639DE00420C9B /* Theaterfy-iOSTests */ = {
			isa = PBXGroup;
			children = (
				340018B9272639DE00420C9B /* Theaterfy_iOSTests.swift */,
			);
			path = "Theaterfy-iOSTests";
			sourceTree = "<group>";
		};
		340018C2272639DE00420C9B /* Theaterfy-iOSUITests */ = {
			isa = PBXGroup;
			children = (
				340018C3272639DE00420C9B /* Theaterfy_iOSUITests.swift */,
				340018C5272639DE00420C9B /* Theaterfy_iOSUITestsLaunchTests.swift */,
			);
			path = "Theaterfy-iOSUITests";
			sourceTree = "<group>";
		};
		34079DC22728C047008B0C68 /* locales */ = {
			isa = PBXGroup;
			children = (
				34FBFDC1272A1348003E504C /* RoutesLocales.swift */,
			);
			path = locales;
			sourceTree = "<group>";
		};
		34079DC62728CC45008B0C68 /* di */ = {
			isa = PBXGroup;
			children = (
				34079DC72728CC5A008B0C68 /* AppModules.swift */,
			);
			path = di;
			sourceTree = "<group>";
		};
		342BDFF6272772E000C7805C /* assets */ = {
			isa = PBXGroup;
			children = (
				340018A7272639DE00420C9B /* Assets.xcassets */,
			);
			path = assets;
			sourceTree = "<group>";
		};
		342BDFF7272772F100C7805C /* app */ = {
			isa = PBXGroup;
			children = (
				34FBFDCD272A1C49003E504C /* converters */,
				34FBFDBE272A12ED003E504C /* properties */,
				34079DC22728C047008B0C68 /* locales */,
				342BE006272774B200C7805C /* constants */,
				342BE005272774A800C7805C /* colors */,
			);
			path = app;
			sourceTree = "<group>";
		};
		342BDFF8272772F800C7805C /* core */ = {
			isa = PBXGroup;
			children = (
				342BE0002727738D00C7805C /* usecases */,
				342BDFFF2727738300C7805C /* entities */,
				342BDFFE2727735800C7805C /* models */,
				342BDFFC2727731B00C7805C /* server */,
				342BDFFB2727731400C7805C /* errors */,
			);
			path = core;
			sourceTree = "<group>";
		};
		342BDFF9272772FF00C7805C /* features */ = {
			isa = PBXGroup;
			children = (
				34FBFDB5272A11B7003E504C /* common */,
				342BDFFA2727730700C7805C /* movies */,
			);
			path = features;
			sourceTree = "<group>";
		};
		342BDFFA2727730700C7805C /* movies */ = {
			isa = PBXGroup;
			children = (
				342BE00B2727752000C7805C /* data */,
				342BE00A2727751800C7805C /* presentation */,
				342BE0092727751100C7805C /* domain */,
			);
			path = movies;
			sourceTree = "<group>";
		};
		342BDFFB2727731400C7805C /* errors */ = {
			isa = PBXGroup;
			children = (
				342BE001272773B800C7805C /* Failure.swift */,
			);
			path = errors;
			sourceTree = "<group>";
		};
		342BDFFC2727731B00C7805C /* server */ = {
			isa = PBXGroup;
			children = (
				34079DA92728A8FE008B0C68 /* Server.swift */,
			);
			path = server;
			sourceTree = "<group>";
		};
		342BDFFE2727735800C7805C /* models */ = {
			isa = PBXGroup;
			children = (
				34079DB02728ABF3008B0C68 /* Model.swift */,
			);
			path = models;
			sourceTree = "<group>";
		};
		342BDFFF2727738300C7805C /* entities */ = {
			isa = PBXGroup;
			children = (
				340018AC272639DE00420C9B /* Persistence.swift */,
				340018AE272639DE00420C9B /* Theaterfy_iOS.xcdatamodeld */,
			);
			path = entities;
			sourceTree = "<group>";
		};
		342BE0002727738D00C7805C /* usecases */ = {
			isa = PBXGroup;
			children = (
				34079DAE2728AB4B008B0C68 /* UseCase.swift */,
			);
			path = usecases;
			sourceTree = "<group>";
		};
		342BE005272774A800C7805C /* colors */ = {
			isa = PBXGroup;
			children = (
				342BE0032727747000C7805C /* AppColors.swift */,
			);
			path = colors;
			sourceTree = "<group>";
		};
		342BE006272774B200C7805C /* constants */ = {
			isa = PBXGroup;
			children = (
				342BE007272774C400C7805C /* ServerConstants.swift */,
			);
			path = constants;
			sourceTree = "<group>";
		};
		342BE0092727751100C7805C /* domain */ = {
			isa = PBXGroup;
			children = (
				342BE00E2727753600C7805C /* repositories */,
				342BE00D2727752D00C7805C /* entities */,
				342BE00C2727752600C7805C /* usecases */,
			);
			path = domain;
			sourceTree = "<group>";
		};
		342BE00A2727751800C7805C /* presentation */ = {
			isa = PBXGroup;
			children = (
				342BE0112727756800C7805C /* viewmodels */,
				342BE0102727756100C7805C /* pages */,
				342BE00F2727755B00C7805C /* components */,
			);
			path = presentation;
			sourceTree = "<group>";
		};
		342BE00B2727752000C7805C /* data */ = {
			isa = PBXGroup;
			children = (
				342BE0142727758A00C7805C /* models */,
				342BE0132727758000C7805C /* repositories */,
				342BE0122727757100C7805C /* datasources */,
			);
			path = data;
			sourceTree = "<group>";
		};
		342BE00C2727752600C7805C /* usecases */ = {
			isa = PBXGroup;
			children = (
				34079DB42728ACF3008B0C68 /* GetMovies.swift */,
			);
			path = usecases;
			sourceTree = "<group>";
		};
		342BE00D2727752D00C7805C /* entities */ = {
			isa = PBXGroup;
			children = (
				34079DB22728AC8D008B0C68 /* Movie.swift */,
				34079DB82728B06D008B0C68 /* Pagination.swift */,
			);
			path = entities;
			sourceTree = "<group>";
		};
		342BE00E2727753600C7805C /* repositories */ = {
			isa = PBXGroup;
			children = (
				34079DB62728ADA7008B0C68 /* MoviesRepository.swift */,
			);
			path = repositories;
			sourceTree = "<group>";
		};
		342BE00F2727755B00C7805C /* components */ = {
			isa = PBXGroup;
			children = (
				34FBFDB4272A1199003E504C /* movies */,
			);
			path = components;
			sourceTree = "<group>";
		};
		342BE0102727756100C7805C /* pages */ = {
			isa = PBXGroup;
			children = (
				34079DBE2728BA5A008B0C68 /* MoviesPage.swift */,
			);
			path = pages;
			sourceTree = "<group>";
		};
		342BE0112727756800C7805C /* viewmodels */ = {
			isa = PBXGroup;
			children = (
				34079DC02728BA6B008B0C68 /* MoviesViewModel.swift */,
			);
			path = viewmodels;
			sourceTree = "<group>";
		};
		342BE0122727757100C7805C /* datasources */ = {
			isa = PBXGroup;
			children = (
				34079DBC2728B226008B0C68 /* MoviesRemoteDataSource.swift */,
			);
			path = datasources;
			sourceTree = "<group>";
		};
		342BE0132727758000C7805C /* repositories */ = {
			isa = PBXGroup;
			children = (
				34079DBA2728B1C2008B0C68 /* MoviesRepositoryImpl.swift */,
			);
			path = repositories;
			sourceTree = "<group>";
		};
		342BE0142727758A00C7805C /* models */ = {
			isa = PBXGroup;
			children = (
				342BE0152727761B00C7805C /* MovieModel.swift */,
				342BE0172727762400C7805C /* PaginationModel.swift */,
			);
			path = models;
			sourceTree = "<group>";
		};
		34FBFDB4272A1199003E504C /* movies */ = {
			isa = PBXGroup;
			children = (
				34FBFDC3272A1479003E504C /* item */,
				34FBFDBC272A1265003E504C /* MoviesGrid.swift */,
				34FBFDC9272A1808003E504C /* MovieImage.swift */,
			);
			path = movies;
			sourceTree = "<group>";
		};
		34FBFDB5272A11B7003E504C /* common */ = {
			isa = PBXGroup;
			children = (
				34FBFDB6272A11BF003E504C /* presentation */,
			);
			path = common;
			sourceTree = "<group>";
		};
		34FBFDB6272A11BF003E504C /* presentation */ = {
			isa = PBXGroup;
			children = (
				34FBFDB7272A11CC003E504C /* components */,
			);
			path = presentation;
			sourceTree = "<group>";
		};
		34FBFDB7272A11CC003E504C /* components */ = {
			isa = PBXGroup;
			children = (
				34FBFDB8272A11E4003E504C /* LoadingProgress.swift */,
				34FBFDBA272A1211003E504C /* ErrorMessage.swift */,
			);
			path = components;
			sourceTree = "<group>";
		};
		34FBFDBE272A12ED003E504C /* properties */ = {
			isa = PBXGroup;
			children = (
				34FBFDBF272A12FF003E504C /* MoviesProperties.swift */,
			);
			path = properties;
			sourceTree = "<group>";
		};
		34FBFDC3272A1479003E504C /* item */ = {
			isa = PBXGroup;
			children = (
				34FBFDC4272A1484003E504C /* MovieItem.swift */,
				34FBFDCB272A1BD6003E504C /* MovieItemExtras.swift */,
			);
			path = item;
			sourceTree = "<group>";
		};
		34FBFDCD272A1C49003E504C /* converters */ = {
			isa = PBXGroup;
			children = (
				34FBFDCE272A1D14003E504C /* DateConverter.swift */,
			);
			path = converters;
			sourceTree = "<group>";
		};
/* End PBXGroup section */

/* Begin PBXNativeTarget section */
		3400189F272639DC00420C9B /* Theaterfy-iOS */ = {
			isa = PBXNativeTarget;
			buildConfigurationList = 340018C9272639DE00420C9B /* Build configuration list for PBXNativeTarget "Theaterfy-iOS" */;
			buildPhases = (
				3400189C272639DC00420C9B /* Sources */,
				3400189D272639DC00420C9B /* Frameworks */,
				3400189E272639DC00420C9B /* Resources */,
			);
			buildRules = (
			);
			dependencies = (
			);
			name = "Theaterfy-iOS";
			packageProductDependencies = (
				34079DAC2728A934008B0C68 /* Alamofire */,
				34079DC42728CC34008B0C68 /* Swinject */,
				34FBFDC7272A17D7003E504C /* Kingfisher */,
			);
			productName = "Theaterfy-iOS";
			productReference = 340018A0272639DC00420C9B /* Theaterfy-iOS.app */;
			productType = "com.apple.product-type.application";
		};
		340018B4272639DE00420C9B /* Theaterfy-iOSTests */ = {
			isa = PBXNativeTarget;
			buildConfigurationList = 340018CC272639DE00420C9B /* Build configuration list for PBXNativeTarget "Theaterfy-iOSTests" */;
			buildPhases = (
				340018B1272639DE00420C9B /* Sources */,
				340018B2272639DE00420C9B /* Frameworks */,
				340018B3272639DE00420C9B /* Resources */,
			);
			buildRules = (
			);
			dependencies = (
				340018B7272639DE00420C9B /* PBXTargetDependency */,
			);
			name = "Theaterfy-iOSTests";
			productName = "Theaterfy-iOSTests";
			productReference = 340018B5272639DE00420C9B /* Theaterfy-iOSTests.xctest */;
			productType = "com.apple.product-type.bundle.unit-test";
		};
		340018BE272639DE00420C9B /* Theaterfy-iOSUITests */ = {
			isa = PBXNativeTarget;
			buildConfigurationList = 340018CF272639DE00420C9B /* Build configuration list for PBXNativeTarget "Theaterfy-iOSUITests" */;
			buildPhases = (
				340018BB272639DE00420C9B /* Sources */,
				340018BC272639DE00420C9B /* Frameworks */,
				340018BD272639DE00420C9B /* Resources */,
			);
			buildRules = (
			);
			dependencies = (
				340018C1272639DE00420C9B /* PBXTargetDependency */,
			);
			name = "Theaterfy-iOSUITests";
			productName = "Theaterfy-iOSUITests";
			productReference = 340018BF272639DE00420C9B /* Theaterfy-iOSUITests.xctest */;
			productType = "com.apple.product-type.bundle.ui-testing";
		};
/* End PBXNativeTarget section */

/* Begin PBXProject section */
		34001898272639DC00420C9B /* Project object */ = {
			isa = PBXProject;
			attributes = {
				BuildIndependentTargetsInParallel = 1;
				LastSwiftUpdateCheck = 1300;
				LastUpgradeCheck = 1300;
				TargetAttributes = {
					3400189F272639DC00420C9B = {
						CreatedOnToolsVersion = 13.0;
					};
					340018B4272639DE00420C9B = {
						CreatedOnToolsVersion = 13.0;
						TestTargetID = 3400189F272639DC00420C9B;
					};
					340018BE272639DE00420C9B = {
						CreatedOnToolsVersion = 13.0;
						TestTargetID = 3400189F272639DC00420C9B;
					};
				};
			};
			buildConfigurationList = 3400189B272639DC00420C9B /* Build configuration list for PBXProject "Theaterfy-iOS" */;
			compatibilityVersion = "Xcode 13.0";
			developmentRegion = en;
			hasScannedForEncodings = 0;
			knownRegions = (
				en,
				Base,
			);
			mainGroup = 34001897272639DC00420C9B;
			packageReferences = (
				34079DAB2728A934008B0C68 /* XCRemoteSwiftPackageReference "Alamofire" */,
				34079DC32728CC34008B0C68 /* XCRemoteSwiftPackageReference "Swinject" */,
				34FBFDC6272A17D7003E504C /* XCRemoteSwiftPackageReference "Kingfisher" */,
			);
			productRefGroup = 340018A1272639DC00420C9B /* Products */;
			projectDirPath = "";
			projectRoot = "";
			targets = (
				3400189F272639DC00420C9B /* Theaterfy-iOS */,
				340018B4272639DE00420C9B /* Theaterfy-iOSTests */,
				340018BE272639DE00420C9B /* Theaterfy-iOSUITests */,
			);
		};
/* End PBXProject section */

/* Begin PBXResourcesBuildPhase section */
		3400189E272639DC00420C9B /* Resources */ = {
			isa = PBXResourcesBuildPhase;
			buildActionMask = 2147483647;
			files = (
				340018AB272639DE00420C9B /* Preview Assets.xcassets in Resources */,
				340018A8272639DE00420C9B /* Assets.xcassets in Resources */,
			);
			runOnlyForDeploymentPostprocessing = 0;
		};
		340018B3272639DE00420C9B /* Resources */ = {
			isa = PBXResourcesBuildPhase;
			buildActionMask = 2147483647;
			files = (
			);
			runOnlyForDeploymentPostprocessing = 0;
		};
		340018BD272639DE00420C9B /* Resources */ = {
			isa = PBXResourcesBuildPhase;
			buildActionMask = 2147483647;
			files = (
			);
			runOnlyForDeploymentPostprocessing = 0;
		};
/* End PBXResourcesBuildPhase section */

/* Begin PBXSourcesBuildPhase section */
		3400189C272639DC00420C9B /* Sources */ = {
			isa = PBXSourcesBuildPhase;
			buildActionMask = 2147483647;
			files = (
				34079DAA2728A8FE008B0C68 /* Server.swift in Sources */,
				34FBFDC0272A12FF003E504C /* MoviesProperties.swift in Sources */,
				34079DBD2728B226008B0C68 /* MoviesRemoteDataSource.swift in Sources */,
				34FBFDBB272A1211003E504C /* ErrorMessage.swift in Sources */,
				34079DB72728ADA7008B0C68 /* MoviesRepository.swift in Sources */,
				34079DB52728ACF3008B0C68 /* GetMovies.swift in Sources */,
				340018B0272639DE00420C9B /* Theaterfy_iOS.xcdatamodeld in Sources */,
				34FBFDB9272A11E4003E504C /* LoadingProgress.swift in Sources */,
				34079DBB2728B1C2008B0C68 /* MoviesRepositoryImpl.swift in Sources */,
				340018AD272639DE00420C9B /* Persistence.swift in Sources */,
				34FBFDCF272A1D14003E504C /* DateConverter.swift in Sources */,
				34FBFDC2272A1348003E504C /* RoutesLocales.swift in Sources */,
				34FBFDC5272A1484003E504C /* MovieItem.swift in Sources */,
				34079DB92728B06D008B0C68 /* Pagination.swift in Sources */,
				34FBFDCA272A1808003E504C /* MovieImage.swift in Sources */,
				34079DB12728ABF3008B0C68 /* Model.swift in Sources */,
				342BE0042727747000C7805C /* AppColors.swift in Sources */,
				34079DAF2728AB4B008B0C68 /* UseCase.swift in Sources */,
				342BE0182727762400C7805C /* PaginationModel.swift in Sources */,
				34079DB32728AC8D008B0C68 /* Movie.swift in Sources */,
				34079DBF2728BA5A008B0C68 /* MoviesPage.swift in Sources */,
				342BE0162727761B00C7805C /* MovieModel.swift in Sources */,
				34FBFDBD272A1265003E504C /* MoviesGrid.swift in Sources */,
				34FBFDCC272A1BD6003E504C /* MovieItemExtras.swift in Sources */,
				342BE002272773B800C7805C /* Failure.swift in Sources */,
				342BE008272774C400C7805C /* ServerConstants.swift in Sources */,
				34079DC82728CC5A008B0C68 /* AppModules.swift in Sources */,
				340018A4272639DC00420C9B /* Theaterfy_iOSApp.swift in Sources */,
				34079DC12728BA6B008B0C68 /* MoviesViewModel.swift in Sources */,
			);
			runOnlyForDeploymentPostprocessing = 0;
		};
		340018B1272639DE00420C9B /* Sources */ = {
			isa = PBXSourcesBuildPhase;
			buildActionMask = 2147483647;
			files = (
				340018BA272639DE00420C9B /* Theaterfy_iOSTests.swift in Sources */,
			);
			runOnlyForDeploymentPostprocessing = 0;
		};
		340018BB272639DE00420C9B /* Sources */ = {
			isa = PBXSourcesBuildPhase;
			buildActionMask = 2147483647;
			files = (
				340018C4272639DE00420C9B /* Theaterfy_iOSUITests.swift in Sources */,
				340018C6272639DE00420C9B /* Theaterfy_iOSUITestsLaunchTests.swift in Sources */,
			);
			runOnlyForDeploymentPostprocessing = 0;
		};
/* End PBXSourcesBuildPhase section */

/* Begin PBXTargetDependency section */
		340018B7272639DE00420C9B /* PBXTargetDependency */ = {
			isa = PBXTargetDependency;
			target = 3400189F272639DC00420C9B /* Theaterfy-iOS */;
			targetProxy = 340018B6272639DE00420C9B /* PBXContainerItemProxy */;
		};
		340018C1272639DE00420C9B /* PBXTargetDependency */ = {
			isa = PBXTargetDependency;
			target = 3400189F272639DC00420C9B /* Theaterfy-iOS */;
			targetProxy = 340018C0272639DE00420C9B /* PBXContainerItemProxy */;
		};
/* End PBXTargetDependency section */

/* Begin XCBuildConfiguration section */
		340018C7272639DE00420C9B /* Debug */ = {
			isa = XCBuildConfiguration;
			buildSettings = {
				ALWAYS_SEARCH_USER_PATHS = NO;
				CLANG_ANALYZER_NONNULL = YES;
				CLANG_ANALYZER_NUMBER_OBJECT_CONVERSION = YES_AGGRESSIVE;
				CLANG_CXX_LANGUAGE_STANDARD = "gnu++17";
				CLANG_CXX_LIBRARY = "libc++";
				CLANG_ENABLE_MODULES = YES;
				CLANG_ENABLE_OBJC_ARC = YES;
				CLANG_ENABLE_OBJC_WEAK = YES;
				CLANG_WARN_BLOCK_CAPTURE_AUTORELEASING = YES;
				CLANG_WARN_BOOL_CONVERSION = YES;
				CLANG_WARN_COMMA = YES;
				CLANG_WARN_CONSTANT_CONVERSION = YES;
				CLANG_WARN_DEPRECATED_OBJC_IMPLEMENTATIONS = YES;
				CLANG_WARN_DIRECT_OBJC_ISA_USAGE = YES_ERROR;
				CLANG_WARN_DOCUMENTATION_COMMENTS = YES;
				CLANG_WARN_EMPTY_BODY = YES;
				CLANG_WARN_ENUM_CONVERSION = YES;
				CLANG_WARN_INFINITE_RECURSION = YES;
				CLANG_WARN_INT_CONVERSION = YES;
				CLANG_WARN_NON_LITERAL_NULL_CONVERSION = YES;
				CLANG_WARN_OBJC_IMPLICIT_RETAIN_SELF = YES;
				CLANG_WARN_OBJC_LITERAL_CONVERSION = YES;
				CLANG_WARN_OBJC_ROOT_CLASS = YES_ERROR;
				CLANG_WARN_QUOTED_INCLUDE_IN_FRAMEWORK_HEADER = YES;
				CLANG_WARN_RANGE_LOOP_ANALYSIS = YES;
				CLANG_WARN_STRICT_PROTOTYPES = YES;
				CLANG_WARN_SUSPICIOUS_MOVE = YES;
				CLANG_WARN_UNGUARDED_AVAILABILITY = YES_AGGRESSIVE;
				CLANG_WARN_UNREACHABLE_CODE = YES;
				CLANG_WARN__DUPLICATE_METHOD_MATCH = YES;
				COPY_PHASE_STRIP = NO;
				DEBUG_INFORMATION_FORMAT = dwarf;
				ENABLE_STRICT_OBJC_MSGSEND = YES;
				ENABLE_TESTABILITY = YES;
				GCC_C_LANGUAGE_STANDARD = gnu11;
				GCC_DYNAMIC_NO_PIC = NO;
				GCC_NO_COMMON_BLOCKS = YES;
				GCC_OPTIMIZATION_LEVEL = 0;
				GCC_PREPROCESSOR_DEFINITIONS = (
					"DEBUG=1",
					"$(inherited)",
				);
				GCC_WARN_64_TO_32_BIT_CONVERSION = YES;
				GCC_WARN_ABOUT_RETURN_TYPE = YES_ERROR;
				GCC_WARN_UNDECLARED_SELECTOR = YES;
				GCC_WARN_UNINITIALIZED_AUTOS = YES_AGGRESSIVE;
				GCC_WARN_UNUSED_FUNCTION = YES;
				GCC_WARN_UNUSED_VARIABLE = YES;
				IPHONEOS_DEPLOYMENT_TARGET = 15.0;
				MTL_ENABLE_DEBUG_INFO = INCLUDE_SOURCE;
				MTL_FAST_MATH = YES;
				ONLY_ACTIVE_ARCH = YES;
				SDKROOT = iphoneos;
				SWIFT_ACTIVE_COMPILATION_CONDITIONS = DEBUG;
				SWIFT_OPTIMIZATION_LEVEL = "-Onone";
			};
			name = Debug;
		};
		340018C8272639DE00420C9B /* Release */ = {
			isa = XCBuildConfiguration;
			buildSettings = {
				ALWAYS_SEARCH_USER_PATHS = NO;
				CLANG_ANALYZER_NONNULL = YES;
				CLANG_ANALYZER_NUMBER_OBJECT_CONVERSION = YES_AGGRESSIVE;
				CLANG_CXX_LANGUAGE_STANDARD = "gnu++17";
				CLANG_CXX_LIBRARY = "libc++";
				CLANG_ENABLE_MODULES = YES;
				CLANG_ENABLE_OBJC_ARC = YES;
				CLANG_ENABLE_OBJC_WEAK = YES;
				CLANG_WARN_BLOCK_CAPTURE_AUTORELEASING = YES;
				CLANG_WARN_BOOL_CONVERSION = YES;
				CLANG_WARN_COMMA = YES;
				CLANG_WARN_CONSTANT_CONVERSION = YES;
				CLANG_WARN_DEPRECATED_OBJC_IMPLEMENTATIONS = YES;
				CLANG_WARN_DIRECT_OBJC_ISA_USAGE = YES_ERROR;
				CLANG_WARN_DOCUMENTATION_COMMENTS = YES;
				CLANG_WARN_EMPTY_BODY = YES;
				CLANG_WARN_ENUM_CONVERSION = YES;
				CLANG_WARN_INFINITE_RECURSION = YES;
				CLANG_WARN_INT_CONVERSION = YES;
				CLANG_WARN_NON_LITERAL_NULL_CONVERSION = YES;
				CLANG_WARN_OBJC_IMPLICIT_RETAIN_SELF = YES;
				CLANG_WARN_OBJC_LITERAL_CONVERSION = YES;
				CLANG_WARN_OBJC_ROOT_CLASS = YES_ERROR;
				CLANG_WARN_QUOTED_INCLUDE_IN_FRAMEWORK_HEADER = YES;
				CLANG_WARN_RANGE_LOOP_ANALYSIS = YES;
				CLANG_WARN_STRICT_PROTOTYPES = YES;
				CLANG_WARN_SUSPICIOUS_MOVE = YES;
				CLANG_WARN_UNGUARDED_AVAILABILITY = YES_AGGRESSIVE;
				CLANG_WARN_UNREACHABLE_CODE = YES;
				CLANG_WARN__DUPLICATE_METHOD_MATCH = YES;
				COPY_PHASE_STRIP = NO;
				DEBUG_INFORMATION_FORMAT = "dwarf-with-dsym";
				ENABLE_NS_ASSERTIONS = NO;
				ENABLE_STRICT_OBJC_MSGSEND = YES;
				GCC_C_LANGUAGE_STANDARD = gnu11;
				GCC_NO_COMMON_BLOCKS = YES;
				GCC_WARN_64_TO_32_BIT_CONVERSION = YES;
				GCC_WARN_ABOUT_RETURN_TYPE = YES_ERROR;
				GCC_WARN_UNDECLARED_SELECTOR = YES;
				GCC_WARN_UNINITIALIZED_AUTOS = YES_AGGRESSIVE;
				GCC_WARN_UNUSED_FUNCTION = YES;
				GCC_WARN_UNUSED_VARIABLE = YES;
				IPHONEOS_DEPLOYMENT_TARGET = 15.0;
				MTL_ENABLE_DEBUG_INFO = NO;
				MTL_FAST_MATH = YES;
				SDKROOT = iphoneos;
				SWIFT_COMPILATION_MODE = wholemodule;
				SWIFT_OPTIMIZATION_LEVEL = "-O";
				VALIDATE_PRODUCT = YES;
			};
			name = Release;
		};
		340018CA272639DE00420C9B /* Debug */ = {
			isa = XCBuildConfiguration;
			buildSettings = {
				ASSETCATALOG_COMPILER_APPICON_NAME = AppIcon;
				ASSETCATALOG_COMPILER_GLOBAL_ACCENT_COLOR_NAME = AccentColor;
				CODE_SIGN_STYLE = Automatic;
				CURRENT_PROJECT_VERSION = 1;
				DEVELOPMENT_ASSET_PATHS = "\"Theaterfy-iOS/Preview Content\"";
				DEVELOPMENT_TEAM = H6DH8Y24TS;
				ENABLE_PREVIEWS = YES;
				GENERATE_INFOPLIST_FILE = YES;
				INFOPLIST_KEY_UIApplicationSceneManifest_Generation = YES;
				INFOPLIST_KEY_UIApplicationSupportsIndirectInputEvents = YES;
				INFOPLIST_KEY_UILaunchScreen_Generation = YES;
				INFOPLIST_KEY_UISupportedInterfaceOrientations_iPad = "UIInterfaceOrientationPortrait UIInterfaceOrientationPortraitUpsideDown UIInterfaceOrientationLandscapeLeft UIInterfaceOrientationLandscapeRight";
				INFOPLIST_KEY_UISupportedInterfaceOrientations_iPhone = "UIInterfaceOrientationPortrait UIInterfaceOrientationLandscapeLeft UIInterfaceOrientationLandscapeRight";
				IPHONEOS_DEPLOYMENT_TARGET = 14.0;
				LD_RUNPATH_SEARCH_PATHS = (
					"$(inherited)",
					"@executable_path/Frameworks",
				);
				MARKETING_VERSION = 1.0;
				PRODUCT_BUNDLE_IDENTIFIER = "com.schwarz.pedro.Theaterfy-iOS";
				PRODUCT_NAME = "$(TARGET_NAME)";
				SWIFT_EMIT_LOC_STRINGS = YES;
				SWIFT_VERSION = 5.0;
				TARGETED_DEVICE_FAMILY = "1,2";
			};
			name = Debug;
		};
		340018CB272639DE00420C9B /* Release */ = {
			isa = XCBuildConfiguration;
			buildSettings = {
				ASSETCATALOG_COMPILER_APPICON_NAME = AppIcon;
				ASSETCATALOG_COMPILER_GLOBAL_ACCENT_COLOR_NAME = AccentColor;
				CODE_SIGN_STYLE = Automatic;
				CURRENT_PROJECT_VERSION = 1;
				DEVELOPMENT_ASSET_PATHS = "\"Theaterfy-iOS/Preview Content\"";
				DEVELOPMENT_TEAM = H6DH8Y24TS;
				ENABLE_PREVIEWS = YES;
				GENERATE_INFOPLIST_FILE = YES;
				INFOPLIST_KEY_UIApplicationSceneManifest_Generation = YES;
				INFOPLIST_KEY_UIApplicationSupportsIndirectInputEvents = YES;
				INFOPLIST_KEY_UILaunchScreen_Generation = YES;
				INFOPLIST_KEY_UISupportedInterfaceOrientations_iPad = "UIInterfaceOrientationPortrait UIInterfaceOrientationPortraitUpsideDown UIInterfaceOrientationLandscapeLeft UIInterfaceOrientationLandscapeRight";
				INFOPLIST_KEY_UISupportedInterfaceOrientations_iPhone = "UIInterfaceOrientationPortrait UIInterfaceOrientationLandscapeLeft UIInterfaceOrientationLandscapeRight";
				IPHONEOS_DEPLOYMENT_TARGET = 14.0;
				LD_RUNPATH_SEARCH_PATHS = (
					"$(inherited)",
					"@executable_path/Frameworks",
				);
				MARKETING_VERSION = 1.0;
				PRODUCT_BUNDLE_IDENTIFIER = "com.schwarz.pedro.Theaterfy-iOS";
				PRODUCT_NAME = "$(TARGET_NAME)";
				SWIFT_EMIT_LOC_STRINGS = YES;
				SWIFT_VERSION = 5.0;
				TARGETED_DEVICE_FAMILY = "1,2";
			};
			name = Release;
		};
		340018CD272639DE00420C9B /* Debug */ = {
			isa = XCBuildConfiguration;
			buildSettings = {
				ALWAYS_EMBED_SWIFT_STANDARD_LIBRARIES = YES;
				BUNDLE_LOADER = "$(TEST_HOST)";
				CODE_SIGN_STYLE = Automatic;
				CURRENT_PROJECT_VERSION = 1;
				DEVELOPMENT_TEAM = H6DH8Y24TS;
				GENERATE_INFOPLIST_FILE = YES;
				IPHONEOS_DEPLOYMENT_TARGET = 14.0;
				LD_RUNPATH_SEARCH_PATHS = (
					"$(inherited)",
					"@executable_path/Frameworks",
					"@loader_path/Frameworks",
				);
				MARKETING_VERSION = 1.0;
				PRODUCT_BUNDLE_IDENTIFIER = "com.schwarz.pedro.Theaterfy-iOSTests";
				PRODUCT_NAME = "$(TARGET_NAME)";
				SWIFT_EMIT_LOC_STRINGS = NO;
				SWIFT_VERSION = 5.0;
				TARGETED_DEVICE_FAMILY = "1,2";
				TEST_HOST = "$(BUILT_PRODUCTS_DIR)/Theaterfy-iOS.app/Theaterfy-iOS";
			};
			name = Debug;
		};
		340018CE272639DE00420C9B /* Release */ = {
			isa = XCBuildConfiguration;
			buildSettings = {
				ALWAYS_EMBED_SWIFT_STANDARD_LIBRARIES = YES;
				BUNDLE_LOADER = "$(TEST_HOST)";
				CODE_SIGN_STYLE = Automatic;
				CURRENT_PROJECT_VERSION = 1;
				DEVELOPMENT_TEAM = H6DH8Y24TS;
				GENERATE_INFOPLIST_FILE = YES;
				IPHONEOS_DEPLOYMENT_TARGET = 14.0;
				LD_RUNPATH_SEARCH_PATHS = (
					"$(inherited)",
					"@executable_path/Frameworks",
					"@loader_path/Frameworks",
				);
				MARKETING_VERSION = 1.0;
				PRODUCT_BUNDLE_IDENTIFIER = "com.schwarz.pedro.Theaterfy-iOSTests";
				PRODUCT_NAME = "$(TARGET_NAME)";
				SWIFT_EMIT_LOC_STRINGS = NO;
				SWIFT_VERSION = 5.0;
				TARGETED_DEVICE_FAMILY = "1,2";
				TEST_HOST = "$(BUILT_PRODUCTS_DIR)/Theaterfy-iOS.app/Theaterfy-iOS";
			};
			name = Release;
		};
		340018D0272639DE00420C9B /* Debug */ = {
			isa = XCBuildConfiguration;
			buildSettings = {
				ALWAYS_EMBED_SWIFT_STANDARD_LIBRARIES = YES;
				CODE_SIGN_STYLE = Automatic;
				CURRENT_PROJECT_VERSION = 1;
				DEVELOPMENT_TEAM = H6DH8Y24TS;
				GENERATE_INFOPLIST_FILE = YES;
				LD_RUNPATH_SEARCH_PATHS = (
					"$(inherited)",
					"@executable_path/Frameworks",
					"@loader_path/Frameworks",
				);
				MARKETING_VERSION = 1.0;
				PRODUCT_BUNDLE_IDENTIFIER = "com.schwarz.pedro.Theaterfy-iOSUITests";
				PRODUCT_NAME = "$(TARGET_NAME)";
				SWIFT_EMIT_LOC_STRINGS = NO;
				SWIFT_VERSION = 5.0;
				TARGETED_DEVICE_FAMILY = "1,2";
				TEST_TARGET_NAME = "Theaterfy-iOS";
			};
			name = Debug;
		};
		340018D1272639DE00420C9B /* Release */ = {
			isa = XCBuildConfiguration;
			buildSettings = {
				ALWAYS_EMBED_SWIFT_STANDARD_LIBRARIES = YES;
				CODE_SIGN_STYLE = Automatic;
				CURRENT_PROJECT_VERSION = 1;
				DEVELOPMENT_TEAM = H6DH8Y24TS;
				GENERATE_INFOPLIST_FILE = YES;
				LD_RUNPATH_SEARCH_PATHS = (
					"$(inherited)",
					"@executable_path/Frameworks",
					"@loader_path/Frameworks",
				);
				MARKETING_VERSION = 1.0;
				PRODUCT_BUNDLE_IDENTIFIER = "com.schwarz.pedro.Theaterfy-iOSUITests";
				PRODUCT_NAME = "$(TARGET_NAME)";
				SWIFT_EMIT_LOC_STRINGS = NO;
				SWIFT_VERSION = 5.0;
				TARGETED_DEVICE_FAMILY = "1,2";
				TEST_TARGET_NAME = "Theaterfy-iOS";
			};
			name = Release;
		};
/* End XCBuildConfiguration section */

/* Begin XCConfigurationList section */
		3400189B272639DC00420C9B /* Build configuration list for PBXProject "Theaterfy-iOS" */ = {
			isa = XCConfigurationList;
			buildConfigurations = (
				340018C7272639DE00420C9B /* Debug */,
				340018C8272639DE00420C9B /* Release */,
			);
			defaultConfigurationIsVisible = 0;
			defaultConfigurationName = Release;
		};
		340018C9272639DE00420C9B /* Build configuration list for PBXNativeTarget "Theaterfy-iOS" */ = {
			isa = XCConfigurationList;
			buildConfigurations = (
				340018CA272639DE00420C9B /* Debug */,
				340018CB272639DE00420C9B /* Release */,
			);
			defaultConfigurationIsVisible = 0;
			defaultConfigurationName = Release;
		};
		340018CC272639DE00420C9B /* Build configuration list for PBXNativeTarget "Theaterfy-iOSTests" */ = {
			isa = XCConfigurationList;
			buildConfigurations = (
				340018CD272639DE00420C9B /* Debug */,
				340018CE272639DE00420C9B /* Release */,
			);
			defaultConfigurationIsVisible = 0;
			defaultConfigurationName = Release;
		};
		340018CF272639DE00420C9B /* Build configuration list for PBXNativeTarget "Theaterfy-iOSUITests" */ = {
			isa = XCConfigurationList;
			buildConfigurations = (
				340018D0272639DE00420C9B /* Debug */,
				340018D1272639DE00420C9B /* Release */,
			);
			defaultConfigurationIsVisible = 0;
			defaultConfigurationName = Release;
		};
/* End XCConfigurationList section */

/* Begin XCRemoteSwiftPackageReference section */
		34079DAB2728A934008B0C68 /* XCRemoteSwiftPackageReference "Alamofire" */ = {
			isa = XCRemoteSwiftPackageReference;
			repositoryURL = "https://github.com/Alamofire/Alamofire.git";
			requirement = {
				branch = master;
				kind = branch;
			};
		};
		34079DC32728CC34008B0C68 /* XCRemoteSwiftPackageReference "Swinject" */ = {
			isa = XCRemoteSwiftPackageReference;
			repositoryURL = "https://github.com/Swinject/Swinject.git";
			requirement = {
				branch = master;
				kind = branch;
			};
		};
		34FBFDC6272A17D7003E504C /* XCRemoteSwiftPackageReference "Kingfisher" */ = {
			isa = XCRemoteSwiftPackageReference;
			repositoryURL = "https://github.com/onevcat/Kingfisher.git";
			requirement = {
				branch = master;
				kind = branch;
			};
		};
/* End XCRemoteSwiftPackageReference section */

/* Begin XCSwiftPackageProductDependency section */
		34079DAC2728A934008B0C68 /* Alamofire */ = {
			isa = XCSwiftPackageProductDependency;
			package = 34079DAB2728A934008B0C68 /* XCRemoteSwiftPackageReference "Alamofire" */;
			productName = Alamofire;
		};
		34079DC42728CC34008B0C68 /* Swinject */ = {
			isa = XCSwiftPackageProductDependency;
			package = 34079DC32728CC34008B0C68 /* XCRemoteSwiftPackageReference "Swinject" */;
			productName = Swinject;
		};
		34FBFDC7272A17D7003E504C /* Kingfisher */ = {
			isa = XCSwiftPackageProductDependency;
			package = 34FBFDC6272A17D7003E504C /* XCRemoteSwiftPackageReference "Kingfisher" */;
			productName = Kingfisher;
		};
/* End XCSwiftPackageProductDependency section */

/* Begin XCVersionGroup section */
		340018AE272639DE00420C9B /* Theaterfy_iOS.xcdatamodeld */ = {
			isa = XCVersionGroup;
			children = (
				340018AF272639DE00420C9B /* Theaterfy_iOS.xcdatamodel */,
			);
			currentVersion = 340018AF272639DE00420C9B /* Theaterfy_iOS.xcdatamodel */;
			path = Theaterfy_iOS.xcdatamodeld;
			sourceTree = "<group>";
			versionGroupType = wrapper.xcdatamodel;
		};
/* End XCVersionGroup section */
	};
	rootObject = 34001898272639DC00420C9B /* Project object */;
}
